// !$*UTF8*$!
{
	archiveVersion = 1;
	classes = {
	};
	objectVersion = 50;
	objects = {

/* Begin PBXBuildFile section */
		060AA5DFADEEAD2096F74D6B /* Pods_FormBuilder.framework in Frameworks */ = {isa = PBXBuildFile; fileRef = 6B4B4135DF3EBAE3121148E9 /* Pods_FormBuilder.framework */; };
		7B07181520E5FDF4004A3E2A /* Form.storyboard in Resources */ = {isa = PBXBuildFile; fileRef = 7B07181420E5FDF4004A3E2A /* Form.storyboard */; };
		7B07181820E5FFBB004A3E2A /* Mine.storyboard in Resources */ = {isa = PBXBuildFile; fileRef = 7B07181720E5FFBB004A3E2A /* Mine.storyboard */; };
		7B715F1F20E37BC600DB381E /* AppDelegate.swift in Sources */ = {isa = PBXBuildFile; fileRef = 7B715F1E20E37BC600DB381E /* AppDelegate.swift */; };
		7B715F2120E37BC600DB381E /* ViewController.swift in Sources */ = {isa = PBXBuildFile; fileRef = 7B715F2020E37BC600DB381E /* ViewController.swift */; };
		7B715F2420E37BC600DB381E /* Main.storyboard in Resources */ = {isa = PBXBuildFile; fileRef = 7B715F2220E37BC600DB381E /* Main.storyboard */; };
		7B715F2620E37BC700DB381E /* Assets.xcassets in Resources */ = {isa = PBXBuildFile; fileRef = 7B715F2520E37BC700DB381E /* Assets.xcassets */; };
		7B715F2920E37BC700DB381E /* LaunchScreen.storyboard in Resources */ = {isa = PBXBuildFile; fileRef = 7B715F2720E37BC700DB381E /* LaunchScreen.storyboard */; };
		7B715F3520E39A9600DB381E /* SecondaryViewController.swift in Sources */ = {isa = PBXBuildFile; fileRef = 7B715F3420E39A9600DB381E /* SecondaryViewController.swift */; };
		7BCBC5BF20EDA50200901CF4 /* Template.storyboard in Resources */ = {isa = PBXBuildFile; fileRef = 7BCBC5BE20EDA50200901CF4 /* Template.storyboard */; };
		7BCBC5C120EDA53D00901CF4 /* TemplatesViewController.swift in Sources */ = {isa = PBXBuildFile; fileRef = 7BCBC5C020EDA53D00901CF4 /* TemplatesViewController.swift */; };
		7BCBC5C420EDA56E00901CF4 /* MineViewController.swift in Sources */ = {isa = PBXBuildFile; fileRef = 7BCBC5C320EDA56E00901CF4 /* MineViewController.swift */; };
		7BCBC5C720EDA58D00901CF4 /* FormsViewController.swift in Sources */ = {isa = PBXBuildFile; fileRef = 7BCBC5C620EDA58D00901CF4 /* FormsViewController.swift */; };
		7BCBC5CA20EDA6F600901CF4 /* DetailViewControllerProtocol.swift in Sources */ = {isa = PBXBuildFile; fileRef = 7BCBC5C920EDA6F600901CF4 /* DetailViewControllerProtocol.swift */; };
		F69188FC20F47D21000915C6 /* CreateFormTemplateViewController.swift in Sources */ = {isa = PBXBuildFile; fileRef = F69188FB20F47D21000915C6 /* CreateFormTemplateViewController.swift */; };
		F69188FE20F5A645000915C6 /* StoryBoardHelper.swift in Sources */ = {isa = PBXBuildFile; fileRef = F69188FD20F5A645000915C6 /* StoryBoardHelper.swift */; };
/* End PBXBuildFile section */

/* Begin PBXFileReference section */
		6B4B4135DF3EBAE3121148E9 /* Pods_FormBuilder.framework */ = {isa = PBXFileReference; explicitFileType = wrapper.framework; includeInIndex = 0; path = Pods_FormBuilder.framework; sourceTree = BUILT_PRODUCTS_DIR; };
		7B07181420E5FDF4004A3E2A /* Form.storyboard */ = {isa = PBXFileReference; lastKnownFileType = file.storyboard; path = Form.storyboard; sourceTree = "<group>"; };
		7B07181720E5FFBB004A3E2A /* Mine.storyboard */ = {isa = PBXFileReference; lastKnownFileType = file.storyboard; path = Mine.storyboard; sourceTree = "<group>"; };
		7B715F1B20E37BC600DB381E /* FormBuilder.app */ = {isa = PBXFileReference; explicitFileType = wrapper.application; includeInIndex = 0; path = FormBuilder.app; sourceTree = BUILT_PRODUCTS_DIR; };
		7B715F1E20E37BC600DB381E /* AppDelegate.swift */ = {isa = PBXFileReference; lastKnownFileType = sourcecode.swift; path = AppDelegate.swift; sourceTree = "<group>"; };
		7B715F2020E37BC600DB381E /* ViewController.swift */ = {isa = PBXFileReference; lastKnownFileType = sourcecode.swift; path = ViewController.swift; sourceTree = "<group>"; };
		7B715F2320E37BC600DB381E /* Base */ = {isa = PBXFileReference; lastKnownFileType = file.storyboard; name = Base; path = Base.lproj/Main.storyboard; sourceTree = "<group>"; };
		7B715F2520E37BC700DB381E /* Assets.xcassets */ = {isa = PBXFileReference; lastKnownFileType = folder.assetcatalog; path = Assets.xcassets; sourceTree = "<group>"; };
		7B715F2820E37BC700DB381E /* Base */ = {isa = PBXFileReference; lastKnownFileType = file.storyboard; name = Base; path = Base.lproj/LaunchScreen.storyboard; sourceTree = "<group>"; };
		7B715F2A20E37BC700DB381E /* Info.plist */ = {isa = PBXFileReference; lastKnownFileType = text.plist.xml; path = Info.plist; sourceTree = "<group>"; };
		7B715F3420E39A9600DB381E /* SecondaryViewController.swift */ = {isa = PBXFileReference; lastKnownFileType = sourcecode.swift; path = SecondaryViewController.swift; sourceTree = "<group>"; };
		7BCBC5BE20EDA50200901CF4 /* Template.storyboard */ = {isa = PBXFileReference; lastKnownFileType = file.storyboard; path = Template.storyboard; sourceTree = "<group>"; };
		7BCBC5C020EDA53D00901CF4 /* TemplatesViewController.swift */ = {isa = PBXFileReference; lastKnownFileType = sourcecode.swift; path = TemplatesViewController.swift; sourceTree = "<group>"; };
		7BCBC5C320EDA56E00901CF4 /* MineViewController.swift */ = {isa = PBXFileReference; lastKnownFileType = sourcecode.swift; path = MineViewController.swift; sourceTree = "<group>"; };
		7BCBC5C620EDA58D00901CF4 /* FormsViewController.swift */ = {isa = PBXFileReference; lastKnownFileType = sourcecode.swift; path = FormsViewController.swift; sourceTree = "<group>"; };
		7BCBC5C920EDA6F600901CF4 /* DetailViewControllerProtocol.swift */ = {isa = PBXFileReference; lastKnownFileType = sourcecode.swift; path = DetailViewControllerProtocol.swift; sourceTree = "<group>"; };
		986D4E1C2C1866679D24C19A /* Pods-FormBuilder.debug.xcconfig */ = {isa = PBXFileReference; includeInIndex = 1; lastKnownFileType = text.xcconfig; name = "Pods-FormBuilder.debug.xcconfig"; path = "Pods/Target Support Files/Pods-FormBuilder/Pods-FormBuilder.debug.xcconfig"; sourceTree = "<group>"; };
		C4542F00FE595255D169EFBB /* Pods-FormBuilder.release.xcconfig */ = {isa = PBXFileReference; includeInIndex = 1; lastKnownFileType = text.xcconfig; name = "Pods-FormBuilder.release.xcconfig"; path = "Pods/Target Support Files/Pods-FormBuilder/Pods-FormBuilder.release.xcconfig"; sourceTree = "<group>"; };
		F69188FB20F47D21000915C6 /* CreateFormTemplateViewController.swift */ = {isa = PBXFileReference; lastKnownFileType = sourcecode.swift; path = CreateFormTemplateViewController.swift; sourceTree = "<group>"; };
		F69188FD20F5A645000915C6 /* StoryBoardHelper.swift */ = {isa = PBXFileReference; lastKnownFileType = sourcecode.swift; path = StoryBoardHelper.swift; sourceTree = "<group>"; };
/* End PBXFileReference section */

/* Begin PBXFrameworksBuildPhase section */
		7B715F1820E37BC600DB381E /* Frameworks */ = {
			isa = PBXFrameworksBuildPhase;
			buildActionMask = 2147483647;
			files = (
				060AA5DFADEEAD2096F74D6B /* Pods_FormBuilder.framework in Frameworks */,
			);
			runOnlyForDeploymentPostprocessing = 0;
		};
/* End PBXFrameworksBuildPhase section */

/* Begin PBXGroup section */
		7B715F1220E37BC600DB381E = {
			isa = PBXGroup;
			children = (
				7B715F1D20E37BC600DB381E /* FormBuilder */,
				7B715F1C20E37BC600DB381E /* Products */,
				87EEC1028A7DB224EBCDF7D7 /* Pods */,
				90D0F9A6054B95FFF4372EDE /* Frameworks */,
			);
			sourceTree = "<group>";
		};
		7B715F1C20E37BC600DB381E /* Products */ = {
			isa = PBXGroup;
			children = (
				7B715F1B20E37BC600DB381E /* FormBuilder.app */,
			);
			name = Products;
			sourceTree = "<group>";
		};
		7B715F1D20E37BC600DB381E /* FormBuilder */ = {
			isa = PBXGroup;
			children = (
				7B715F1E20E37BC600DB381E /* AppDelegate.swift */,
				7B715F2020E37BC600DB381E /* ViewController.swift */,
				7BCBC5C920EDA6F600901CF4 /* DetailViewControllerProtocol.swift */,
				7B715F3420E39A9600DB381E /* SecondaryViewController.swift */,
				F69188FD20F5A645000915C6 /* StoryBoardHelper.swift */,
				7BCBC5C220EDA54700901CF4 /* Template */,
				7BCBC5C520EDA57400901CF4 /* Mine */,
				7BCBC5C820EDA59300901CF4 /* Form */,
				7B715F2220E37BC600DB381E /* Main.storyboard */,
				7B715F2520E37BC700DB381E /* Assets.xcassets */,
				7B715F2720E37BC700DB381E /* LaunchScreen.storyboard */,
				7B715F2A20E37BC700DB381E /* Info.plist */,
			);
			path = FormBuilder;
			sourceTree = "<group>";
		};
		7BCBC5C220EDA54700901CF4 /* Template */ = {
			isa = PBXGroup;
			children = (
				7BCBC5C020EDA53D00901CF4 /* TemplatesViewController.swift */,
				F69188FB20F47D21000915C6 /* CreateFormTemplateViewController.swift */,
				7BCBC5BE20EDA50200901CF4 /* Template.storyboard */,
			);
			path = Template;
			sourceTree = "<group>";
		};
		7BCBC5C520EDA57400901CF4 /* Mine */ = {
			isa = PBXGroup;
			children = (
				7BCBC5C320EDA56E00901CF4 /* MineViewController.swift */,
				7B07181720E5FFBB004A3E2A /* Mine.storyboard */,
			);
			path = Mine;
			sourceTree = "<group>";
		};
		7BCBC5C820EDA59300901CF4 /* Form */ = {
			isa = PBXGroup;
			children = (
				7BCBC5C620EDA58D00901CF4 /* FormsViewController.swift */,
				7B07181420E5FDF4004A3E2A /* Form.storyboard */,
			);
			path = Form;
			sourceTree = "<group>";
		};
		87EEC1028A7DB224EBCDF7D7 /* Pods */ = {
			isa = PBXGroup;
			children = (
				986D4E1C2C1866679D24C19A /* Pods-FormBuilder.debug.xcconfig */,
				C4542F00FE595255D169EFBB /* Pods-FormBuilder.release.xcconfig */,
			);
			name = Pods;
			sourceTree = "<group>";
		};
		90D0F9A6054B95FFF4372EDE /* Frameworks */ = {
			isa = PBXGroup;
			children = (
				6B4B4135DF3EBAE3121148E9 /* Pods_FormBuilder.framework */,
			);
			name = Frameworks;
			sourceTree = "<group>";
		};
/* End PBXGroup section */

/* Begin PBXNativeTarget section */
		7B715F1A20E37BC600DB381E /* FormBuilder */ = {
			isa = PBXNativeTarget;
			buildConfigurationList = 7B715F2D20E37BC700DB381E /* Build configuration list for PBXNativeTarget "FormBuilder" */;
			buildPhases = (
				09FA7FE0C7EB4F34C45DE5D7 /* [CP] Check Pods Manifest.lock */,
				7B715F1720E37BC600DB381E /* Sources */,
				7B715F1820E37BC600DB381E /* Frameworks */,
				7B715F1920E37BC600DB381E /* Resources */,
				F69188FF20F5F462000915C6 /* Increase Bundle Version */,
			);
			buildRules = (
			);
			dependencies = (
			);
			name = FormBuilder;
			productName = FormBuilder;
			productReference = 7B715F1B20E37BC600DB381E /* FormBuilder.app */;
			productType = "com.apple.product-type.application";
		};
/* End PBXNativeTarget section */

/* Begin PBXProject section */
		7B715F1320E37BC600DB381E /* Project object */ = {
			isa = PBXProject;
			attributes = {
				LastSwiftUpdateCheck = 0940;
				LastUpgradeCheck = 0940;
				ORGANIZATIONNAME = zengdaqian;
				TargetAttributes = {
					7B715F1A20E37BC600DB381E = {
						CreatedOnToolsVersion = 9.4;
					};
				};
			};
			buildConfigurationList = 7B715F1620E37BC600DB381E /* Build configuration list for PBXProject "FormBuilder" */;
			compatibilityVersion = "Xcode 9.3";
			developmentRegion = en;
			hasScannedForEncodings = 0;
			knownRegions = (
				en,
				Base,
			);
			mainGroup = 7B715F1220E37BC600DB381E;
			productRefGroup = 7B715F1C20E37BC600DB381E /* Products */;
			projectDirPath = "";
			projectRoot = "";
			targets = (
				7B715F1A20E37BC600DB381E /* FormBuilder */,
			);
		};
/* End PBXProject section */

/* Begin PBXResourcesBuildPhase section */
		7B715F1920E37BC600DB381E /* Resources */ = {
			isa = PBXResourcesBuildPhase;
			buildActionMask = 2147483647;
			files = (
				7B715F2920E37BC700DB381E /* LaunchScreen.storyboard in Resources */,
				7B715F2620E37BC700DB381E /* Assets.xcassets in Resources */,
				7BCBC5BF20EDA50200901CF4 /* Template.storyboard in Resources */,
				7B07181820E5FFBB004A3E2A /* Mine.storyboard in Resources */,
				7B07181520E5FDF4004A3E2A /* Form.storyboard in Resources */,
				7B715F2420E37BC600DB381E /* Main.storyboard in Resources */,
			);
			runOnlyForDeploymentPostprocessing = 0;
		};
/* End PBXResourcesBuildPhase section */

/* Begin PBXShellScriptBuildPhase section */
		09FA7FE0C7EB4F34C45DE5D7 /* [CP] Check Pods Manifest.lock */ = {
			isa = PBXShellScriptBuildPhase;
			buildActionMask = 2147483647;
			files = (
			);
			inputPaths = (
				"${PODS_PODFILE_DIR_PATH}/Podfile.lock",
				"${PODS_ROOT}/Manifest.lock",
			);
			name = "[CP] Check Pods Manifest.lock";
			outputPaths = (
				"$(DERIVED_FILE_DIR)/Pods-FormBuilder-checkManifestLockResult.txt",
			);
			runOnlyForDeploymentPostprocessing = 0;
			shellPath = /bin/sh;
			shellScript = "diff \"${PODS_PODFILE_DIR_PATH}/Podfile.lock\" \"${PODS_ROOT}/Manifest.lock\" > /dev/null\nif [ $? != 0 ] ; then\n    # print error to STDERR\n    echo \"error: The sandbox is not in sync with the Podfile.lock. Run 'pod install' or update your CocoaPods installation.\" >&2\n    exit 1\nfi\n# This output is used by Xcode 'outputs' to avoid re-running this script phase.\necho \"SUCCESS\" > \"${SCRIPT_OUTPUT_FILE_0}\"\n";
			showEnvVarsInLog = 0;
		};
		F69188FF20F5F462000915C6 /* Increase Bundle Version */ = {
			isa = PBXShellScriptBuildPhase;
			buildActionMask = 2147483647;
			files = (
			);
			inputPaths = (
			);
			name = "Increase Bundle Version";
			outputPaths = (
			);
			runOnlyForDeploymentPostprocessing = 0;
			shellPath = /bin/sh;
			shellScript = "buildNumber=$(/usr/libexec/PlistBuddy -c \"Print CFBundleVersion\" \"${PROJECT_DIR}/${INFOPLIST_FILE}\")\nbuildNumber=$(($buildNumber + 1))\n/usr/libexec/PlistBuddy -c \"Set :CFBundleVersion $buildNumber\" \"${PROJECT_DIR}/${INFOPLIST_FILE}\"";
		};
/* End PBXShellScriptBuildPhase section */

/* Begin PBXSourcesBuildPhase section */
		7B715F1720E37BC600DB381E /* Sources */ = {
			isa = PBXSourcesBuildPhase;
			buildActionMask = 2147483647;
			files = (
				7BCBC5C720EDA58D00901CF4 /* FormsViewController.swift in Sources */,
				7B715F2120E37BC600DB381E /* ViewController.swift in Sources */,
				7B715F3520E39A9600DB381E /* SecondaryViewController.swift in Sources */,
				7B715F1F20E37BC600DB381E /* AppDelegate.swift in Sources */,
				F69188FC20F47D21000915C6 /* CreateFormTemplateViewController.swift in Sources */,
				7BCBC5CA20EDA6F600901CF4 /* DetailViewControllerProtocol.swift in Sources */,
				F69188FE20F5A645000915C6 /* StoryBoardHelper.swift in Sources */,
				7BCBC5C120EDA53D00901CF4 /* TemplatesViewController.swift in Sources */,
				7BCBC5C420EDA56E00901CF4 /* MineViewController.swift in Sources */,
			);
			runOnlyForDeploymentPostprocessing = 0;
		};
/* End PBXSourcesBuildPhase section */

/* Begin PBXVariantGroup section */
		7B715F2220E37BC600DB381E /* Main.storyboard */ = {
			isa = PBXVariantGroup;
			children = (
				7B715F2320E37BC600DB381E /* Base */,
			);
			name = Main.storyboard;
			sourceTree = "<group>";
		};
		7B715F2720E37BC700DB381E /* LaunchScreen.storyboard */ = {
			isa = PBXVariantGroup;
			children = (
				7B715F2820E37BC700DB381E /* Base */,
			);
			name = LaunchScreen.storyboard;
			sourceTree = "<group>";
		};
/* End PBXVariantGroup section */

/* Begin XCBuildConfiguration section */
		7B715F2B20E37BC700DB381E /* Debug */ = {
			isa = XCBuildConfiguration;
			buildSettings = {
				ALWAYS_SEARCH_USER_PATHS = NO;
				CLANG_ANALYZER_NONNULL = YES;
				CLANG_ANALYZER_NUMBER_OBJECT_CONVERSION = YES_AGGRESSIVE;
				CLANG_CXX_LANGUAGE_STANDARD = "gnu++14";
				CLANG_CXX_LIBRARY = "libc++";
				CLANG_ENABLE_MODULES = YES;
				CLANG_ENABLE_OBJC_ARC = YES;
				CLANG_ENABLE_OBJC_WEAK = YES;
				CLANG_WARN_BLOCK_CAPTURE_AUTORELEASING = YES;
				CLANG_WARN_BOOL_CONVERSION = YES;
				CLANG_WARN_COMMA = YES;
				CLANG_WARN_CONSTANT_CONVERSION = YES;
				CLANG_WARN_DEPRECATED_OBJC_IMPLEMENTATIONS = YES;
				CLANG_WARN_DIRECT_OBJC_ISA_USAGE = YES_ERROR;
				CLANG_WARN_DOCUMENTATION_COMMENTS = YES;
				CLANG_WARN_EMPTY_BODY = YES;
				CLANG_WARN_ENUM_CONVERSION = YES;
				CLANG_WARN_INFINITE_RECURSION = YES;
				CLANG_WARN_INT_CONVERSION = YES;
				CLANG_WARN_NON_LITERAL_NULL_CONVERSION = YES;
				CLANG_WARN_OBJC_IMPLICIT_RETAIN_SELF = YES;
				CLANG_WARN_OBJC_LITERAL_CONVERSION = YES;
				CLANG_WARN_OBJC_ROOT_CLASS = YES_ERROR;
				CLANG_WARN_RANGE_LOOP_ANALYSIS = YES;
				CLANG_WARN_STRICT_PROTOTYPES = YES;
				CLANG_WARN_SUSPICIOUS_MOVE = YES;
				CLANG_WARN_UNGUARDED_AVAILABILITY = YES_AGGRESSIVE;
				CLANG_WARN_UNREACHABLE_CODE = YES;
				CLANG_WARN__DUPLICATE_METHOD_MATCH = YES;
				CODE_SIGN_IDENTITY = "iPhone Developer";
				COPY_PHASE_STRIP = NO;
				DEBUG_INFORMATION_FORMAT = dwarf;
				ENABLE_STRICT_OBJC_MSGSEND = YES;
				ENABLE_TESTABILITY = YES;
				GCC_C_LANGUAGE_STANDARD = gnu11;
				GCC_DYNAMIC_NO_PIC = NO;
				GCC_NO_COMMON_BLOCKS = YES;
				GCC_OPTIMIZATION_LEVEL = 0;
				GCC_PREPROCESSOR_DEFINITIONS = (
					"DEBUG=1",
					"$(inherited)",
				);
				GCC_WARN_64_TO_32_BIT_CONVERSION = YES;
				GCC_WARN_ABOUT_RETURN_TYPE = YES_ERROR;
				GCC_WARN_UNDECLARED_SELECTOR = YES;
				GCC_WARN_UNINITIALIZED_AUTOS = YES_AGGRESSIVE;
				GCC_WARN_UNUSED_FUNCTION = YES;
				GCC_WARN_UNUSED_VARIABLE = YES;
				IPHONEOS_DEPLOYMENT_TARGET = 11.4;
				MTL_ENABLE_DEBUG_INFO = YES;
				ONLY_ACTIVE_ARCH = YES;
				SDKROOT = iphoneos;
				SWIFT_ACTIVE_COMPILATION_CONDITIONS = DEBUG;
				SWIFT_OPTIMIZATION_LEVEL = "-Onone";
			};
			name = Debug;
		};
		7B715F2C20E37BC700DB381E /* Release */ = {
			isa = XCBuildConfiguration;
			buildSettings = {
				ALWAYS_SEARCH_USER_PATHS = NO;
				CLANG_ANALYZER_NONNULL = YES;
				CLANG_ANALYZER_NUMBER_OBJECT_CONVERSION = YES_AGGRESSIVE;
				CLANG_CXX_LANGUAGE_STANDARD = "gnu++14";
				CLANG_CXX_LIBRARY = "libc++";
				CLANG_ENABLE_MODULES = YES;
				CLANG_ENABLE_OBJC_ARC = YES;
				CLANG_ENABLE_OBJC_WEAK = YES;
				CLANG_WARN_BLOCK_CAPTURE_AUTORELEASING = YES;
				CLANG_WARN_BOOL_CONVERSION = YES;
				CLANG_WARN_COMMA = YES;
				CLANG_WARN_CONSTANT_CONVERSION = YES;
				CLANG_WARN_DEPRECATED_OBJC_IMPLEMENTATIONS = YES;
				CLANG_WARN_DIRECT_OBJC_ISA_USAGE = YES_ERROR;
				CLANG_WARN_DOCUMENTATION_COMMENTS = YES;
				CLANG_WARN_EMPTY_BODY = YES;
				CLANG_WARN_ENUM_CONVERSION = YES;
				CLANG_WARN_INFINITE_RECURSION = YES;
				CLANG_WARN_INT_CONVERSION = YES;
				CLANG_WARN_NON_LITERAL_NULL_CONVERSION = YES;
				CLANG_WARN_OBJC_IMPLICIT_RETAIN_SELF = YES;
				CLANG_WARN_OBJC_LITERAL_CONVERSION = YES;
				CLANG_WARN_OBJC_ROOT_CLASS = YES_ERROR;
				CLANG_WARN_RANGE_LOOP_ANALYSIS = YES;
				CLANG_WARN_STRICT_PROTOTYPES = YES;
				CLANG_WARN_SUSPICIOUS_MOVE = YES;
				CLANG_WARN_UNGUARDED_AVAILABILITY = YES_AGGRESSIVE;
				CLANG_WARN_UNREACHABLE_CODE = YES;
				CLANG_WARN__DUPLICATE_METHOD_MATCH = YES;
				CODE_SIGN_IDENTITY = "iPhone Developer";
				COPY_PHASE_STRIP = NO;
				DEBUG_INFORMATION_FORMAT = "dwarf-with-dsym";
				ENABLE_NS_ASSERTIONS = NO;
				ENABLE_STRICT_OBJC_MSGSEND = YES;
				GCC_C_LANGUAGE_STANDARD = gnu11;
				GCC_NO_COMMON_BLOCKS = YES;
				GCC_WARN_64_TO_32_BIT_CONVERSION = YES;
				GCC_WARN_ABOUT_RETURN_TYPE = YES_ERROR;
				GCC_WARN_UNDECLARED_SELECTOR = YES;
				GCC_WARN_UNINITIALIZED_AUTOS = YES_AGGRESSIVE;
				GCC_WARN_UNUSED_FUNCTION = YES;
				GCC_WARN_UNUSED_VARIABLE = YES;
				IPHONEOS_DEPLOYMENT_TARGET = 11.4;
				MTL_ENABLE_DEBUG_INFO = NO;
				SDKROOT = iphoneos;
				SWIFT_COMPILATION_MODE = wholemodule;
				SWIFT_OPTIMIZATION_LEVEL = "-O";
				VALIDATE_PRODUCT = YES;
			};
			name = Release;
		};
		7B715F2E20E37BC700DB381E /* Debug */ = {
			isa = XCBuildConfiguration;
			baseConfigurationReference = 986D4E1C2C1866679D24C19A /* Pods-FormBuilder.debug.xcconfig */;
			buildSettings = {
				ASSETCATALOG_COMPILER_APPICON_NAME = AppIcon;
				CODE_SIGN_STYLE = Automatic;
				DEVELOPMENT_TEAM = X93TV8Q2X5;
				INFOPLIST_FILE = FormBuilder/Info.plist;
				LD_RUNPATH_SEARCH_PATHS = (
					"$(inherited)",
					"@executable_path/Frameworks",
				);
				PRODUCT_BUNDLE_IDENTIFIER = jeffreyzeng.FormBuilder;
				PRODUCT_NAME = "$(TARGET_NAME)";
				SWIFT_VERSION = 4.0;
				TARGETED_DEVICE_FAMILY = "1,2";
			};
			name = Debug;
		};
		7B715F2F20E37BC700DB381E /* Release */ = {
			isa = XCBuildConfiguration;
			baseConfigurationReference = C4542F00FE595255D169EFBB /* Pods-FormBuilder.release.xcconfig */;
			buildSettings = {
				ASSETCATALOG_COMPILER_APPICON_NAME = AppIcon;
				CODE_SIGN_STYLE = Automatic;
				DEVELOPMENT_TEAM = X93TV8Q2X5;
				INFOPLIST_FILE = FormBuilder/Info.plist;
				LD_RUNPATH_SEARCH_PATHS = (
					"$(inherited)",
					"@executable_path/Frameworks",
				);
				PRODUCT_BUNDLE_IDENTIFIER = jeffreyzeng.FormBuilder;
				PRODUCT_NAME = "$(TARGET_NAME)";
				SWIFT_VERSION = 4.0;
				TARGETED_DEVICE_FAMILY = "1,2";
			};
			name = Release;
		};
/* End XCBuildConfiguration section */

/* Begin XCConfigurationList section */
		7B715F1620E37BC600DB381E /* Build configuration list for PBXProject "FormBuilder" */ = {
			isa = XCConfigurationList;
			buildConfigurations = (
				7B715F2B20E37BC700DB381E /* Debug */,
				7B715F2C20E37BC700DB381E /* Release */,
			);
			defaultConfigurationIsVisible = 0;
			defaultConfigurationName = Release;
		};
		7B715F2D20E37BC700DB381E /* Build configuration list for PBXNativeTarget "FormBuilder" */ = {
			isa = XCConfigurationList;
			buildConfigurations = (
				7B715F2E20E37BC700DB381E /* Debug */,
				7B715F2F20E37BC700DB381E /* Release */,
			);
			defaultConfigurationIsVisible = 0;
			defaultConfigurationName = Release;
		};
/* End XCConfigurationList section */
	};
	rootObject = 7B715F1320E37BC600DB381E /* Project object */;
}
